// !$*UTF8*$!
{
	archiveVersion = 1;
	classes = {
	};
	objectVersion = 50;
	objects = {

/* Begin PBXBuildFile section */
		5B619B5E235C803600F0B079 /* Structs.swift in Sources */ = {isa = PBXBuildFile; fileRef = 5B619B5D235C803600F0B079 /* Structs.swift */; };
		5BFC41F92359DD650088024C /* AppDelegate.swift in Sources */ = {isa = PBXBuildFile; fileRef = 5BFC41F82359DD650088024C /* AppDelegate.swift */; };
		5BFC41FB2359DD650088024C /* SceneDelegate.swift in Sources */ = {isa = PBXBuildFile; fileRef = 5BFC41FA2359DD650088024C /* SceneDelegate.swift */; };
		5BFC41FD2359DD650088024C /* ViewController.swift in Sources */ = {isa = PBXBuildFile; fileRef = 5BFC41FC2359DD650088024C /* ViewController.swift */; };
		5BFC42002359DD650088024C /* Main.storyboard in Resources */ = {isa = PBXBuildFile; fileRef = 5BFC41FE2359DD650088024C /* Main.storyboard */; };
		5BFC42032359DD650088024C /* CarsUIApp.xcdatamodeld in Sources */ = {isa = PBXBuildFile; fileRef = 5BFC42012359DD650088024C /* CarsUIApp.xcdatamodeld */; };
		5BFC42052359DD690088024C /* Assets.xcassets in Resources */ = {isa = PBXBuildFile; fileRef = 5BFC42042359DD690088024C /* Assets.xcassets */; };
		5BFC42082359DD690088024C /* LaunchScreen.storyboard in Resources */ = {isa = PBXBuildFile; fileRef = 5BFC42062359DD690088024C /* LaunchScreen.storyboard */; };
		5BFC42102359DE210088024C /* CarTableViewController.swift in Sources */ = {isa = PBXBuildFile; fileRef = 5BFC420F2359DE210088024C /* CarTableViewController.swift */; };
		5BFC42162359E7AA0088024C /* AddCarVC.swift in Sources */ = {isa = PBXBuildFile; fileRef = 5BFC42152359E7AA0088024C /* AddCarVC.swift */; };
/* End PBXBuildFile section */

/* Begin PBXFileReference section */
		5B619B5D235C803600F0B079 /* Structs.swift */ = {isa = PBXFileReference; lastKnownFileType = sourcecode.swift; path = Structs.swift; sourceTree = "<group>"; };
		5BFC41F52359DD650088024C /* CarsUIApp.app */ = {isa = PBXFileReference; explicitFileType = wrapper.application; includeInIndex = 0; path = CarsUIApp.app; sourceTree = BUILT_PRODUCTS_DIR; };
		5BFC41F82359DD650088024C /* AppDelegate.swift */ = {isa = PBXFileReference; lastKnownFileType = sourcecode.swift; path = AppDelegate.swift; sourceTree = "<group>"; };
		5BFC41FA2359DD650088024C /* SceneDelegate.swift */ = {isa = PBXFileReference; lastKnownFileType = sourcecode.swift; path = SceneDelegate.swift; sourceTree = "<group>"; };
		5BFC41FC2359DD650088024C /* ViewController.swift */ = {isa = PBXFileReference; lastKnownFileType = sourcecode.swift; path = ViewController.swift; sourceTree = "<group>"; };
		5BFC41FF2359DD650088024C /* Base */ = {isa = PBXFileReference; lastKnownFileType = file.storyboard; name = Base; path = Base.lproj/Main.storyboard; sourceTree = "<group>"; };
		5BFC42022359DD650088024C /* CarsUIApp.xcdatamodel */ = {isa = PBXFileReference; lastKnownFileType = wrapper.xcdatamodel; path = CarsUIApp.xcdatamodel; sourceTree = "<group>"; };
		5BFC42042359DD690088024C /* Assets.xcassets */ = {isa = PBXFileReference; lastKnownFileType = folder.assetcatalog; path = Assets.xcassets; sourceTree = "<group>"; };
		5BFC42072359DD690088024C /* Base */ = {isa = PBXFileReference; lastKnownFileType = file.storyboard; name = Base; path = Base.lproj/LaunchScreen.storyboard; sourceTree = "<group>"; };
		5BFC42092359DD690088024C /* Info.plist */ = {isa = PBXFileReference; lastKnownFileType = text.plist.xml; path = Info.plist; sourceTree = "<group>"; };
		5BFC420F2359DE210088024C /* CarTableViewController.swift */ = {isa = PBXFileReference; lastKnownFileType = sourcecode.swift; path = CarTableViewController.swift; sourceTree = "<group>"; };
		5BFC42152359E7AA0088024C /* AddCarVC.swift */ = {isa = PBXFileReference; lastKnownFileType = sourcecode.swift; name = AddCarVC.swift; path = ../AddCarVC.swift; sourceTree = "<group>"; };
/* End PBXFileReference section */

/* Begin PBXFrameworksBuildPhase section */
		5BFC41F22359DD650088024C /* Frameworks */ = {
			isa = PBXFrameworksBuildPhase;
			buildActionMask = 2147483647;
			files = (
			);
			runOnlyForDeploymentPostprocessing = 0;
		};
/* End PBXFrameworksBuildPhase section */

/* Begin PBXGroup section */
		5BFC41EC2359DD650088024C = {
			isa = PBXGroup;
			children = (
				5BFC41F72359DD650088024C /* CarsUIApp */,
				5BFC41F62359DD650088024C /* Products */,
			);
			sourceTree = "<group>";
		};
		5BFC41F62359DD650088024C /* Products */ = {
			isa = PBXGroup;
			children = (
				5BFC41F52359DD650088024C /* CarsUIApp.app */,
			);
			name = Products;
			sourceTree = "<group>";
		};
		5BFC41F72359DD650088024C /* CarsUIApp */ = {
			isa = PBXGroup;
			children = (
				5BFC41F82359DD650088024C /* AppDelegate.swift */,
				5BFC41FA2359DD650088024C /* SceneDelegate.swift */,
				5BFC41FC2359DD650088024C /* ViewController.swift */,
				5BFC41FE2359DD650088024C /* Main.storyboard */,
				5B619B5D235C803600F0B079 /* Structs.swift */,
				5BFC42152359E7AA0088024C /* AddCarVC.swift */,
				5BFC420F2359DE210088024C /* CarTableViewController.swift */,
				5BFC42042359DD690088024C /* Assets.xcassets */,
				5BFC42062359DD690088024C /* LaunchScreen.storyboard */,
				5BFC42092359DD690088024C /* Info.plist */,
				5BFC42012359DD650088024C /* CarsUIApp.xcdatamodeld */,
			);
			path = CarsUIApp;
			sourceTree = "<group>";
		};
/* End PBXGroup section */

/* Begin PBXNativeTarget section */
		5BFC41F42359DD650088024C /* CarsUIApp */ = {
			isa = PBXNativeTarget;
			buildConfigurationList = 5BFC420C2359DD690088024C /* Build configuration list for PBXNativeTarget "CarsUIApp" */;
			buildPhases = (
				5BFC41F12359DD650088024C /* Sources */,
				5BFC41F22359DD650088024C /* Frameworks */,
				5BFC41F32359DD650088024C /* Resources */,
			);
			buildRules = (
			);
			dependencies = (
			);
			name = CarsUIApp;
			productName = CarsUIApp;
			productReference = 5BFC41F52359DD650088024C /* CarsUIApp.app */;
			productType = "com.apple.product-type.application";
		};
/* End PBXNativeTarget section */

/* Begin PBXProject section */
		5BFC41ED2359DD650088024C /* Project object */ = {
			isa = PBXProject;
			attributes = {
				LastSwiftUpdateCheck = 1110;
				LastUpgradeCheck = 1110;
				ORGANIZATIONNAME = Tati;
				TargetAttributes = {
					5BFC41F42359DD650088024C = {
						CreatedOnToolsVersion = 11.1;
					};
				};
			};
			buildConfigurationList = 5BFC41F02359DD650088024C /* Build configuration list for PBXProject "CarsUIApp" */;
			compatibilityVersion = "Xcode 9.3";
			developmentRegion = en;
			hasScannedForEncodings = 0;
			knownRegions = (
				en,
				Base,
			);
			mainGroup = 5BFC41EC2359DD650088024C;
			productRefGroup = 5BFC41F62359DD650088024C /* Products */;
			projectDirPath = "";
			projectRoot = "";
			targets = (
				5BFC41F42359DD650088024C /* CarsUIApp */,
			);
		};
/* End PBXProject section */

/* Begin PBXResourcesBuildPhase section */
		5BFC41F32359DD650088024C /* Resources */ = {
			isa = PBXResourcesBuildPhase;
			buildActionMask = 2147483647;
			files = (
				5BFC42082359DD690088024C /* LaunchScreen.storyboard in Resources */,
				5BFC42052359DD690088024C /* Assets.xcassets in Resources */,
				5BFC42002359DD650088024C /* Main.storyboard in Resources */,
			);
			runOnlyForDeploymentPostprocessing = 0;
		};
/* End PBXResourcesBuildPhase section */

/* Begin PBXSourcesBuildPhase section */
		5BFC41F12359DD650088024C /* Sources */ = {
			isa = PBXSourcesBuildPhase;
			buildActionMask = 2147483647;
			files = (
				5BFC41FD2359DD650088024C /* ViewController.swift in Sources */,
				5BFC41F92359DD650088024C /* AppDelegate.swift in Sources */,
				5BFC42032359DD650088024C /* CarsUIApp.xcdatamodeld in Sources */,
				5B619B5E235C803600F0B079 /* Structs.swift in Sources */,
				5BFC42102359DE210088024C /* CarTableViewController.swift in Sources */,
				5BFC42162359E7AA0088024C /* AddCarVC.swift in Sources */,
				5BFC41FB2359DD650088024C /* SceneDelegate.swift in Sources */,
			);
			runOnlyForDeploymentPostprocessing = 0;
		};
/* End PBXSourcesBuildPhase section */

/* Begin PBXVariantGroup section */
		5BFC41FE2359DD650088024C /* Main.storyboard */ = {
			isa = PBXVariantGroup;
			children = (
				5BFC41FF2359DD650088024C /* Base */,
			);
			name = Main.storyboard;
			sourceTree = "<group>";
		};
		5BFC42062359DD690088024C /* LaunchScreen.storyboard */ = {
			isa = PBXVariantGroup;
			children = (
				5BFC42072359DD690088024C /* Base */,
			);
			name = LaunchScreen.storyboard;
			sourceTree = "<group>";
		};
/* End PBXVariantGroup section */

/* Begin XCBuildConfiguration section */
		5BFC420A2359DD690088024C /* Debug */ = {
			isa = XCBuildConfiguration;
			buildSettings = {
				ALWAYS_SEARCH_USER_PATHS = NO;
				CLANG_ANALYZER_NONNULL = YES;
				CLANG_ANALYZER_NUMBER_OBJECT_CONVERSION = YES_AGGRESSIVE;
				CLANG_CXX_LANGUAGE_STANDARD = "gnu++14";
				CLANG_CXX_LIBRARY = "libc++";
				CLANG_ENABLE_MODULES = YES;
				CLANG_ENABLE_OBJC_ARC = YES;
				CLANG_ENABLE_OBJC_WEAK = YES;
				CLANG_WARN_BLOCK_CAPTURE_AUTORELEASING = YES;
				CLANG_WARN_BOOL_CONVERSION = YES;
				CLANG_WARN_COMMA = YES;
				CLANG_WARN_CONSTANT_CONVERSION = YES;
				CLANG_WARN_DEPRECATED_OBJC_IMPLEMENTATIONS = YES;
				CLANG_WARN_DIRECT_OBJC_ISA_USAGE = YES_ERROR;
				CLANG_WARN_DOCUMENTATION_COMMENTS = YES;
				CLANG_WARN_EMPTY_BODY = YES;
				CLANG_WARN_ENUM_CONVERSION = YES;
				CLANG_WARN_INFINITE_RECURSION = YES;
				CLANG_WARN_INT_CONVERSION = YES;
				CLANG_WARN_NON_LITERAL_NULL_CONVERSION = YES;
				CLANG_WARN_OBJC_IMPLICIT_RETAIN_SELF = YES;
				CLANG_WARN_OBJC_LITERAL_CONVERSION = YES;
				CLANG_WARN_OBJC_ROOT_CLASS = YES_ERROR;
				CLANG_WARN_RANGE_LOOP_ANALYSIS = YES;
				CLANG_WARN_STRICT_PROTOTYPES = YES;
				CLANG_WARN_SUSPICIOUS_MOVE = YES;
				CLANG_WARN_UNGUARDED_AVAILABILITY = YES_AGGRESSIVE;
				CLANG_WARN_UNREACHABLE_CODE = YES;
				CLANG_WARN__DUPLICATE_METHOD_MATCH = YES;
				COPY_PHASE_STRIP = NO;
				DEBUG_INFORMATION_FORMAT = dwarf;
				ENABLE_STRICT_OBJC_MSGSEND = YES;
				ENABLE_TESTABILITY = YES;
				GCC_C_LANGUAGE_STANDARD = gnu11;
				GCC_DYNAMIC_NO_PIC = NO;
				GCC_NO_COMMON_BLOCKS = YES;
				GCC_OPTIMIZATION_LEVEL = 0;
				GCC_PREPROCESSOR_DEFINITIONS = (
					"DEBUG=1",
					"$(inherited)",
				);
				GCC_WARN_64_TO_32_BIT_CONVERSION = YES;
				GCC_WARN_ABOUT_RETURN_TYPE = YES_ERROR;
				GCC_WARN_UNDECLARED_SELECTOR = YES;
				GCC_WARN_UNINITIALIZED_AUTOS = YES_AGGRESSIVE;
				GCC_WARN_UNUSED_FUNCTION = YES;
				GCC_WARN_UNUSED_VARIABLE = YES;
				IPHONEOS_DEPLOYMENT_TARGET = 13.1;
				MTL_ENABLE_DEBUG_INFO = INCLUDE_SOURCE;
				MTL_FAST_MATH = YES;
				ONLY_ACTIVE_ARCH = YES;
				SDKROOT = iphoneos;
				SWIFT_ACTIVE_COMPILATION_CONDITIONS = DEBUG;
				SWIFT_OPTIMIZATION_LEVEL = "-Onone";
			};
			name = Debug;
		};
		5BFC420B2359DD690088024C /* Release */ = {
			isa = XCBuildConfiguration;
			buildSettings = {
				ALWAYS_SEARCH_USER_PATHS = NO;
				CLANG_ANALYZER_NONNULL = YES;
				CLANG_ANALYZER_NUMBER_OBJECT_CONVERSION = YES_AGGRESSIVE;
				CLANG_CXX_LANGUAGE_STANDARD = "gnu++14";
				CLANG_CXX_LIBRARY = "libc++";
				CLANG_ENABLE_MODULES = YES;
				CLANG_ENABLE_OBJC_ARC = YES;
				CLANG_ENABLE_OBJC_WEAK = YES;
				CLANG_WARN_BLOCK_CAPTURE_AUTORELEASING = YES;
				CLANG_WARN_BOOL_CONVERSION = YES;
				CLANG_WARN_COMMA = YES;
				CLANG_WARN_CONSTANT_CONVERSION = YES;
				CLANG_WARN_DEPRECATED_OBJC_IMPLEMENTATIONS = YES;
				CLANG_WARN_DIRECT_OBJC_ISA_USAGE = YES_ERROR;
				CLANG_WARN_DOCUMENTATION_COMMENTS = YES;
				CLANG_WARN_EMPTY_BODY = YES;
				CLANG_WARN_ENUM_CONVERSION = YES;
				CLANG_WARN_INFINITE_RECURSION = YES;
				CLANG_WARN_INT_CONVERSION = YES;
				CLANG_WARN_NON_LITERAL_NULL_CONVERSION = YES;
				CLANG_WARN_OBJC_IMPLICIT_RETAIN_SELF = YES;
				CLANG_WARN_OBJC_LITERAL_CONVERSION = YES;
				CLANG_WARN_OBJC_ROOT_CLASS = YES_ERROR;
				CLANG_WARN_RANGE_LOOP_ANALYSIS = YES;
				CLANG_WARN_STRICT_PROTOTYPES = YES;
				CLANG_WARN_SUSPICIOUS_MOVE = YES;
				CLANG_WARN_UNGUARDED_AVAILABILITY = YES_AGGRESSIVE;
				CLANG_WARN_UNREACHABLE_CODE = YES;
				CLANG_WARN__DUPLICATE_METHOD_MATCH = YES;
				COPY_PHASE_STRIP = NO;
				DEBUG_INFORMATION_FORMAT = "dwarf-with-dsym";
				ENABLE_NS_ASSERTIONS = NO;
				ENABLE_STRICT_OBJC_MSGSEND = YES;
				GCC_C_LANGUAGE_STANDARD = gnu11;
				GCC_NO_COMMON_BLOCKS = YES;
				GCC_WARN_64_TO_32_BIT_CONVERSION = YES;
				GCC_WARN_ABOUT_RETURN_TYPE = YES_ERROR;
				GCC_WARN_UNDECLARED_SELECTOR = YES;
				GCC_WARN_UNINITIALIZED_AUTOS = YES_AGGRESSIVE;
				GCC_WARN_UNUSED_FUNCTION = YES;
				GCC_WARN_UNUSED_VARIABLE = YES;
				IPHONEOS_DEPLOYMENT_TARGET = 13.1;
				MTL_ENABLE_DEBUG_INFO = NO;
				MTL_FAST_MATH = YES;
				SDKROOT = iphoneos;
				SWIFT_COMPILATION_MODE = wholemodule;
				SWIFT_OPTIMIZATION_LEVEL = "-O";
				VALIDATE_PRODUCT = YES;
			};
			name = Release;
		};
		5BFC420D2359DD690088024C /* Debug */ = {
			isa = XCBuildConfiguration;
			buildSettings = {
				ASSETCATALOG_COMPILER_APPICON_NAME = AppIcon;
				CODE_SIGN_STYLE = Automatic;
				DEVELOPMENT_TEAM = LVWAR2B4J4;
				INFOPLIST_FILE = CarsUIApp/Info.plist;
				LD_RUNPATH_SEARCH_PATHS = (
					"$(inherited)",
					"@executable_path/Frameworks",
				);
				PRODUCT_BUNDLE_IDENTIFIER = lessonOne.CarsUIApp;
				PRODUCT_NAME = "$(TARGET_NAME)";
				SWIFT_VERSION = 5.0;
				TARGETED_DEVICE_FAMILY = "1,2";
			};
			name = Debug;
		};
		5BFC420E2359DD690088024C /* Release */ = {
			isa = XCBuildConfiguration;
			buildSettings = {
				ASSETCATALOG_COMPILER_APPICON_NAME = AppIcon;
				CODE_SIGN_STYLE = Automatic;
				DEVELOPMENT_TEAM = LVWAR2B4J4;
				INFOPLIST_FILE = CarsUIApp/Info.plist;
				LD_RUNPATH_SEARCH_PATHS = (
					"$(inherited)",
					"@executable_path/Frameworks",
				);
				PRODUCT_BUNDLE_IDENTIFIER = lessonOne.CarsUIApp;
				PRODUCT_NAME = "$(TARGET_NAME)";
				SWIFT_VERSION = 5.0;
				TARGETED_DEVICE_FAMILY = "1,2";
			};
			name = Release;
		};
/* End XCBuildConfiguration section */

/* Begin XCConfigurationList section */
		5BFC41F02359DD650088024C /* Build configuration list for PBXProject "CarsUIApp" */ = {
			isa = XCConfigurationList;
			buildConfigurations = (
				5BFC420A2359DD690088024C /* Debug */,
				5BFC420B2359DD690088024C /* Release */,
			);
			defaultConfigurationIsVisible = 0;
			defaultConfigurationName = Release;
		};
		5BFC420C2359DD690088024C /* Build configuration list for PBXNativeTarget "CarsUIApp" */ = {
			isa = XCConfigurationList;
			buildConfigurations = (
				5BFC420D2359DD690088024C /* Debug */,
				5BFC420E2359DD690088024C /* Release */,
			);
			defaultConfigurationIsVisible = 0;
			defaultConfigurationName = Release;
		};
/* End XCConfigurationList section */

/* Begin XCVersionGroup section */
		5BFC42012359DD650088024C /* CarsUIApp.xcdatamodeld */ = {
			isa = XCVersionGroup;
			children = (
				5BFC42022359DD650088024C /* CarsUIApp.xcdatamodel */,
			);
			currentVersion = 5BFC42022359DD650088024C /* CarsUIApp.xcdatamodel */;
			path = CarsUIApp.xcdatamodeld;
			sourceTree = "<group>";
			versionGroupType = wrapper.xcdatamodel;
		};
/* End XCVersionGroup section */
	};
	rootObject = 5BFC41ED2359DD650088024C /* Project object */;
}
